
Microsoft Visual Studio Solution File, Format Version 12.00
# Visual Studio 15
VisualStudioVersion = 15.0.26124.0
MinimumVisualStudioVersion = 15.0.26124.0
Project("{FAE04EC0-301F-11D3-BF4B-00C04F79EFBC}") = "API", "API\API.csproj", "{F6FB5D65-73C7-4AE8-ABF9-905BF5375AA5}"
EndProject
Project("{FAE04EC0-301F-11D3-BF4B-00C04F79EFBC}") = "Core", "Core\Core.csproj", "{73ABB825-4468-4C7B-AABD-CB9259945722}"
EndProject
Project("{FAE04EC0-301F-11D3-BF4B-00C04F79EFBC}") = "Infrastructure", "Infrastructure\Infrastructure.csproj", "{51379A05-4947-4520-BCBF-BD8272301EDD}"
EndProject
Global
	GlobalSection(SolutionConfigurationPlatforms) = preSolution
		Debug|Any CPU = Debug|Any CPU
		Debug|x64 = Debug|x64
		Debug|x86 = Debug|x86
		Release|Any CPU = Release|Any CPU
		Release|x64 = Release|x64
		Release|x86 = Release|x86
	EndGlobalSection
	GlobalSection(SolutionProperties) = preSolution
		HideSolutionNode = FALSE
	EndGlobalSection
	GlobalSection(ProjectConfigurationPlatforms) = postSolution
		{F6FB5D65-73C7-4AE8-ABF9-905BF5375AA5}.Debug|Any CPU.ActiveCfg = Debug|Any CPU
		{F6FB5D65-73C7-4AE8-ABF9-905BF5375AA5}.Debug|Any CPU.Build.0 = Debug|Any CPU
		{F6FB5D65-73C7-4AE8-ABF9-905BF5375AA5}.Debug|x64.ActiveCfg = Debug|Any CPU
		{F6FB5D65-73C7-4AE8-ABF9-905BF5375AA5}.Debug|x64.Build.0 = Debug|Any CPU
		{F6FB5D65-73C7-4AE8-ABF9-905BF5375AA5}.Debug|x86.ActiveCfg = Debug|Any CPU
		{F6FB5D65-73C7-4AE8-ABF9-905BF5375AA5}.Debug|x86.Build.0 = Debug|Any CPU
		{F6FB5D65-73C7-4AE8-ABF9-905BF5375AA5}.Release|Any CPU.ActiveCfg = Release|Any CPU
		{F6FB5D65-73C7-4AE8-ABF9-905BF5375AA5}.Release|Any CPU.Build.0 = Release|Any CPU
		{F6FB5D65-73C7-4AE8-ABF9-905BF5375AA5}.Release|x64.ActiveCfg = Release|Any CPU
		{F6FB5D65-73C7-4AE8-ABF9-905BF5375AA5}.Release|x64.Build.0 = Release|Any CPU
		{F6FB5D65-73C7-4AE8-ABF9-905BF5375AA5}.Release|x86.ActiveCfg = Release|Any CPU
		{F6FB5D65-73C7-4AE8-ABF9-905BF5375AA5}.Release|x86.Build.0 = Release|Any CPU
		{73ABB825-4468-4C7B-AABD-CB9259945722}.Debug|Any CPU.ActiveCfg = Debug|Any CPU
		{73ABB825-4468-4C7B-AABD-CB9259945722}.Debug|Any CPU.Build.0 = Debug|Any CPU
		{73ABB825-4468-4C7B-AABD-CB9259945722}.Debug|x64.ActiveCfg = Debug|Any CPU
		{73ABB825-4468-4C7B-AABD-CB9259945722}.Debug|x64.Build.0 = Debug|Any CPU
		{73ABB825-4468-4C7B-AABD-CB9259945722}.Debug|x86.ActiveCfg = Debug|Any CPU
		{73ABB825-4468-4C7B-AABD-CB9259945722}.Debug|x86.Build.0 = Debug|Any CPU
		{73ABB825-4468-4C7B-AABD-CB9259945722}.Release|Any CPU.ActiveCfg = Release|Any CPU
		{73ABB825-4468-4C7B-AABD-CB9259945722}.Release|Any CPU.Build.0 = Release|Any CPU
		{73ABB825-4468-4C7B-AABD-CB9259945722}.Release|x64.ActiveCfg = Release|Any CPU
		{73ABB825-4468-4C7B-AABD-CB9259945722}.Release|x64.Build.0 = Release|Any CPU
		{73ABB825-4468-4C7B-AABD-CB9259945722}.Release|x86.ActiveCfg = Release|Any CPU
		{73ABB825-4468-4C7B-AABD-CB9259945722}.Release|x86.Build.0 = Release|Any CPU
		{51379A05-4947-4520-BCBF-BD8272301EDD}.Debug|Any CPU.ActiveCfg = Debug|Any CPU
		{51379A05-4947-4520-BCBF-BD8272301EDD}.Debug|Any CPU.Build.0 = Debug|Any CPU
		{51379A05-4947-4520-BCBF-BD8272301EDD}.Debug|x64.ActiveCfg = Debug|Any CPU
		{51379A05-4947-4520-BCBF-BD8272301EDD}.Debug|x64.Build.0 = Debug|Any CPU
		{51379A05-4947-4520-BCBF-BD8272301EDD}.Debug|x86.ActiveCfg = Debug|Any CPU
		{51379A05-4947-4520-BCBF-BD8272301EDD}.Debug|x86.Build.0 = Debug|Any CPU
		{51379A05-4947-4520-BCBF-BD8272301EDD}.Release|Any CPU.ActiveCfg = Release|Any CPU
		{51379A05-4947-4520-BCBF-BD8272301EDD}.Release|Any CPU.Build.0 = Release|Any CPU
		{51379A05-4947-4520-BCBF-BD8272301EDD}.Release|x64.ActiveCfg = Release|Any CPU
		{51379A05-4947-4520-BCBF-BD8272301EDD}.Release|x64.Build.0 = Release|Any CPU
		{51379A05-4947-4520-BCBF-BD8272301EDD}.Release|x86.ActiveCfg = Release|Any CPU
		{51379A05-4947-4520-BCBF-BD8272301EDD}.Release|x86.Build.0 = Release|Any CPU
	EndGlobalSection
EndGlobal
